Microsoft Visual Studio Solution File, Format Version 12.00
# Visual Studio Version 17
VisualStudioVersion = 17.0.31903.59
MinimumVisualStudioVersion = 10.0.40219.1
Project("{FAE04EC0-301F-11D3-BF4B-00C04F79EFBC}") = "WorldOrder.Desktop", "src\WorldOrder.Desktop\WorldOrder.Desktop.csproj", "{E5352397-3003-4AE2-8B33-AAB318187D4B}"
EndProject
Project("{FAE04EC0-301F-11D3-BF4B-00C04F79EFBC}") = "WorldOrder.Android", "src\WorldOrder.Android\WorldOrder.Android.csproj", "{C7FBB418-E310-4278-A5D5-A73160C741A7}"
EndProject
Global
    GlobalSection(SolutionConfigurationPlatforms) = preSolution
        Debug|Any CPU = Debug|Any CPU
        Release|Any CPU = Release|Any CPU
    EndGlobalSection
    GlobalSection(ProjectConfigurationPlatforms) = postSolution
        {E5352397-3003-4AE2-8B33-AAB318187D4B}.Debug|Any CPU.ActiveCfg = Debug|Any CPU
        {E5352397-3003-4AE2-8B33-AAB318187D4B}.Debug|Any CPU.Build.0 = Debug|Any CPU
        {E5352397-3003-4AE2-8B33-AAB318187D4B}.Release|Any CPU.ActiveCfg = Release|Any CPU
        {E5352397-3003-4AE2-8B33-AAB318187D4B}.Release|Any CPU.Build.0 = Release|Any CPU
        {C7FBB418-E310-4278-A5D5-A73160C741A7}.Debug|Any CPU.ActiveCfg = Debug|Any CPU
        {C7FBB418-E310-4278-A5D5-A73160C741A7}.Debug|Any CPU.Build.0 = Debug|Any CPU
        {C7FBB418-E310-4278-A5D5-A73160C741A7}.Release|Any CPU.ActiveCfg = Release|Any CPU
        {C7FBB418-E310-4278-A5D5-A73160C741A7}.Release|Any CPU.Build.0 = Release|Any CPU
    EndGlobalSection
EndGlobal
